
Microsoft Visual Studio Solution File, Format Version 12.00
# Visual Studio Version 16
VisualStudioVersion = 16.0.31229.75
MinimumVisualStudioVersion = 10.0.40219.1
Project("{FAE04EC0-301F-11D3-BF4B-00C04F79EFBC}") = "TriviaGUI", "TriviaGUI\TriviaGUI.csproj", "{D5663316-8392-4184-8A44-87A193434898}"
EndProject
Global
	GlobalSection(SolutionConfigurationPlatforms) = preSolution
		Debug|Any CPU = Debug|Any CPU
		Release|Any CPU = Release|Any CPU
	EndGlobalSection
	GlobalSection(ProjectConfigurationPlatforms) = postSolution
		{D5663316-8392-4184-8A44-87A193434898}.Debug|Any CPU.ActiveCfg = Debug|Any CPU
		{D5663316-8392-4184-8A44-87A193434898}.Debug|Any CPU.Build.0 = Debug|Any CPU
		{D5663316-8392-4184-8A44-87A193434898}.Release|Any CPU.ActiveCfg = Release|Any CPU
		{D5663316-8392-4184-8A44-87A193434898}.Release|Any CPU.Build.0 = Release|Any CPU
	EndGlobalSection
	GlobalSection(SolutionProperties) = preSolution
		HideSolutionNode = FALSE
	EndGlobalSection
	GlobalSection(ExtensibilityGlobals) = postSolution
		SolutionGuid = {7719F655-6AB0-452E-A384-9D43D9BB108A}
	EndGlobalSection
EndGlobal
